// !$*UTF8*$!
{
	archiveVersion = 1;
	classes = {
	};
	objectVersion = 55;
	objects = {

/* Begin PBXBuildFile section */
		6A31B9E727FED7DA00E4D24E /* main.cpp in Sources */ = {isa = PBXBuildFile; fileRef = 6A31B9E627FED7DA00E4D24E /* main.cpp */; };
		6A31B9EE27FED81800E4D24E /* menu.cpp in Sources */ = {isa = PBXBuildFile; fileRef = 6A31B9ED27FED81800E4D24E /* menu.cpp */; };
		6A31B9F127FED84900E4D24E /* Klasa.cpp in Sources */ = {isa = PBXBuildFile; fileRef = 6A31B9EF27FED84900E4D24E /* Klasa.cpp */; };
/* End PBXBuildFile section */

/* Begin PBXCopyFilesBuildPhase section */
		6A31B9E127FED7DA00E4D24E /* CopyFiles */ = {
			isa = PBXCopyFilesBuildPhase;
			buildActionMask = 2147483647;
			dstPath = /usr/share/man/man1/;
			dstSubfolderSpec = 0;
			files = (
			);
			runOnlyForDeploymentPostprocessing = 1;
		};
/* End PBXCopyFilesBuildPhase section */

/* Begin PBXFileReference section */
		6A31B9E327FED7DA00E4D24E /* ZaprzyjaznineKlasy */ = {isa = PBXFileReference; explicitFileType = "compiled.mach-o.executable"; includeInIndex = 0; path = ZaprzyjaznineKlasy; sourceTree = BUILT_PRODUCTS_DIR; };
		6A31B9E627FED7DA00E4D24E /* main.cpp */ = {isa = PBXFileReference; lastKnownFileType = sourcecode.cpp.cpp; path = main.cpp; sourceTree = "<group>"; };
		6A31B9ED27FED81800E4D24E /* menu.cpp */ = {isa = PBXFileReference; lastKnownFileType = sourcecode.cpp.cpp; path = menu.cpp; sourceTree = "<group>"; };
		6A31B9EF27FED84900E4D24E /* Klasa.cpp */ = {isa = PBXFileReference; lastKnownFileType = sourcecode.cpp.cpp; path = Klasa.cpp; sourceTree = "<group>"; };
		6A31B9F227FED88500E4D24E /* Klasa_h.h */ = {isa = PBXFileReference; lastKnownFileType = sourcecode.c.h; path = Klasa_h.h; sourceTree = "<group>"; };
		6A31B9F327FEE79500E4D24E /* Stocznia.h */ = {isa = PBXFileReference; lastKnownFileType = sourcecode.c.h; path = Stocznia.h; sourceTree = "<group>"; };
/* End PBXFileReference section */

/* Begin PBXFrameworksBuildPhase section */
		6A31B9E027FED7DA00E4D24E /* Frameworks */ = {
			isa = PBXFrameworksBuildPhase;
			buildActionMask = 2147483647;
			files = (
			);
			runOnlyForDeploymentPostprocessing = 0;
		};
/* End PBXFrameworksBuildPhase section */

/* Begin PBXGroup section */
		6A31B9DA27FED7DA00E4D24E = {
			isa = PBXGroup;
			children = (
				6A31B9E527FED7DA00E4D24E /* ZaprzyjaznineKlasy */,
				6A31B9E427FED7DA00E4D24E /* Products */,
			);
			sourceTree = "<group>";
		};
		6A31B9E427FED7DA00E4D24E /* Products */ = {
			isa = PBXGroup;
			children = (
				6A31B9E327FED7DA00E4D24E /* ZaprzyjaznineKlasy */,
			);
			name = Products;
			sourceTree = "<group>";
		};
		6A31B9E527FED7DA00E4D24E /* ZaprzyjaznineKlasy */ = {
			isa = PBXGroup;
			children = (
				6A31B9E627FED7DA00E4D24E /* main.cpp */,
				6A31B9ED27FED81800E4D24E /* menu.cpp */,
				6A31B9EF27FED84900E4D24E /* Klasa.cpp */,
				6A31B9F227FED88500E4D24E /* Klasa_h.h */,
				6A31B9F327FEE79500E4D24E /* Stocznia.h */,
			);
			path = ZaprzyjaznineKlasy;
			sourceTree = "<group>";
		};
/* End PBXGroup section */

/* Begin PBXNativeTarget section */
		6A31B9E227FED7DA00E4D24E /* ZaprzyjaznineKlasy */ = {
			isa = PBXNativeTarget;
			buildConfigurationList = 6A31B9EA27FED7DA00E4D24E /* Build configuration list for PBXNativeTarget "ZaprzyjaznineKlasy" */;
			buildPhases = (
				6A31B9DF27FED7DA00E4D24E /* Sources */,
				6A31B9E027FED7DA00E4D24E /* Frameworks */,
				6A31B9E127FED7DA00E4D24E /* CopyFiles */,
			);
			buildRules = (
			);
			dependencies = (
			);
			name = ZaprzyjaznineKlasy;
			productName = ZaprzyjaznineKlasy;
			productReference = 6A31B9E327FED7DA00E4D24E /* ZaprzyjaznineKlasy */;
			productType = "com.apple.product-type.tool";
		};
/* End PBXNativeTarget section */

/* Begin PBXProject section */
		6A31B9DB27FED7DA00E4D24E /* Project object */ = {
			isa = PBXProject;
			attributes = {
				BuildIndependentTargetsInParallel = 1;
				LastUpgradeCheck = 1330;
				TargetAttributes = {
					6A31B9E227FED7DA00E4D24E = {
						CreatedOnToolsVersion = 13.3;
					};
				};
			};
			buildConfigurationList = 6A31B9DE27FED7DA00E4D24E /* Build configuration list for PBXProject "ZaprzyjaznineKlasy" */;
			compatibilityVersion = "Xcode 13.0";
			developmentRegion = en;
			hasScannedForEncodings = 0;
			knownRegions = (
				en,
				Base,
			);
			mainGroup = 6A31B9DA27FED7DA00E4D24E;
			productRefGroup = 6A31B9E427FED7DA00E4D24E /* Products */;
			projectDirPath = "";
			projectRoot = "";
			targets = (
				6A31B9E227FED7DA00E4D24E /* ZaprzyjaznineKlasy */,
			);
		};
/* End PBXProject section */

/* Begin PBXSourcesBuildPhase section */
		6A31B9DF27FED7DA00E4D24E /* Sources */ = {
			isa = PBXSourcesBuildPhase;
			buildActionMask = 2147483647;
			files = (
				6A31B9EE27FED81800E4D24E /* menu.cpp in Sources */,
				6A31B9E727FED7DA00E4D24E /* main.cpp in Sources */,
				6A31B9F127FED84900E4D24E /* Klasa.cpp in Sources */,
			);
			runOnlyForDeploymentPostprocessing = 0;
		};
/* End PBXSourcesBuildPhase section */

/* Begin XCBuildConfiguration section */
		6A31B9E827FED7DA00E4D24E /* Debug */ = {
			isa = XCBuildConfiguration;
			buildSettings = {
				ALWAYS_SEARCH_USER_PATHS = NO;
				CLANG_ANALYZER_NONNULL = YES;
				CLANG_ANALYZER_NUMBER_OBJECT_CONVERSION = YES_AGGRESSIVE;
				CLANG_CXX_LANGUAGE_STANDARD = "gnu++17";
				CLANG_ENABLE_MODULES = YES;
				CLANG_ENABLE_OBJC_ARC = YES;
				CLANG_ENABLE_OBJC_WEAK = YES;
				CLANG_WARN_BLOCK_CAPTURE_AUTORELEASING = YES;
				CLANG_WARN_BOOL_CONVERSION = YES;
				CLANG_WARN_COMMA = YES;
				CLANG_WARN_CONSTANT_CONVERSION = YES;
				CLANG_WARN_DEPRECATED_OBJC_IMPLEMENTATIONS = YES;
				CLANG_WARN_DIRECT_OBJC_ISA_USAGE = YES_ERROR;
				CLANG_WARN_DOCUMENTATION_COMMENTS = YES;
				CLANG_WARN_EMPTY_BODY = YES;
				CLANG_WARN_ENUM_CONVERSION = YES;
				CLANG_WARN_INFINITE_RECURSION = YES;
				CLANG_WARN_INT_CONVERSION = YES;
				CLANG_WARN_NON_LITERAL_NULL_CONVERSION = YES;
				CLANG_WARN_OBJC_IMPLICIT_RETAIN_SELF = YES;
				CLANG_WARN_OBJC_LITERAL_CONVERSION = YES;
				CLANG_WARN_OBJC_ROOT_CLASS = YES_ERROR;
				CLANG_WARN_QUOTED_INCLUDE_IN_FRAMEWORK_HEADER = YES;
				CLANG_WARN_RANGE_LOOP_ANALYSIS = YES;
				CLANG_WARN_STRICT_PROTOTYPES = YES;
				CLANG_WARN_SUSPICIOUS_MOVE = YES;
				CLANG_WARN_UNGUARDED_AVAILABILITY = YES_AGGRESSIVE;
				CLANG_WARN_UNREACHABLE_CODE = YES;
				CLANG_WARN__DUPLICATE_METHOD_MATCH = YES;
				COPY_PHASE_STRIP = NO;
				DEBUG_INFORMATION_FORMAT = dwarf;
				ENABLE_STRICT_OBJC_MSGSEND = YES;
				ENABLE_TESTABILITY = YES;
				GCC_C_LANGUAGE_STANDARD = gnu11;
				GCC_DYNAMIC_NO_PIC = NO;
				GCC_NO_COMMON_BLOCKS = YES;
				GCC_OPTIMIZATION_LEVEL = 0;
				GCC_PREPROCESSOR_DEFINITIONS = (
					"DEBUG=1",
					"$(inherited)",
				);
				GCC_WARN_64_TO_32_BIT_CONVERSION = YES;
				GCC_WARN_ABOUT_RETURN_TYPE = YES_ERROR;
				GCC_WARN_UNDECLARED_SELECTOR = YES;
				GCC_WARN_UNINITIALIZED_AUTOS = YES_AGGRESSIVE;
				GCC_WARN_UNUSED_FUNCTION = YES;
				GCC_WARN_UNUSED_VARIABLE = YES;
				MACOSX_DEPLOYMENT_TARGET = 12.2;
				MTL_ENABLE_DEBUG_INFO = INCLUDE_SOURCE;
				MTL_FAST_MATH = YES;
				ONLY_ACTIVE_ARCH = YES;
				SDKROOT = macosx;
			};
			name = Debug;
		};
		6A31B9E927FED7DA00E4D24E /* Release */ = {
			isa = XCBuildConfiguration;
			buildSettings = {
				ALWAYS_SEARCH_USER_PATHS = NO;
				CLANG_ANALYZER_NONNULL = YES;
				CLANG_ANALYZER_NUMBER_OBJECT_CONVERSION = YES_AGGRESSIVE;
				CLANG_CXX_LANGUAGE_STANDARD = "gnu++17";
				CLANG_ENABLE_MODULES = YES;
				CLANG_ENABLE_OBJC_ARC = YES;
				CLANG_ENABLE_OBJC_WEAK = YES;
				CLANG_WARN_BLOCK_CAPTURE_AUTORELEASING = YES;
				CLANG_WARN_BOOL_CONVERSION = YES;
				CLANG_WARN_COMMA = YES;
				CLANG_WARN_CONSTANT_CONVERSION = YES;
				CLANG_WARN_DEPRECATED_OBJC_IMPLEMENTATIONS = YES;
				CLANG_WARN_DIRECT_OBJC_ISA_USAGE = YES_ERROR;
				CLANG_WARN_DOCUMENTATION_COMMENTS = YES;
				CLANG_WARN_EMPTY_BODY = YES;
				CLANG_WARN_ENUM_CONVERSION = YES;
				CLANG_WARN_INFINITE_RECURSION = YES;
				CLANG_WARN_INT_CONVERSION = YES;
				CLANG_WARN_NON_LITERAL_NULL_CONVERSION = YES;
				CLANG_WARN_OBJC_IMPLICIT_RETAIN_SELF = YES;
				CLANG_WARN_OBJC_LITERAL_CONVERSION = YES;
				CLANG_WARN_OBJC_ROOT_CLASS = YES_ERROR;
				CLANG_WARN_QUOTED_INCLUDE_IN_FRAMEWORK_HEADER = YES;
				CLANG_WARN_RANGE_LOOP_ANALYSIS = YES;
				CLANG_WARN_STRICT_PROTOTYPES = YES;
				CLANG_WARN_SUSPICIOUS_MOVE = YES;
				CLANG_WARN_UNGUARDED_AVAILABILITY = YES_AGGRESSIVE;
				CLANG_WARN_UNREACHABLE_CODE = YES;
				CLANG_WARN__DUPLICATE_METHOD_MATCH = YES;
				COPY_PHASE_STRIP = NO;
				DEBUG_INFORMATION_FORMAT = "dwarf-with-dsym";
				ENABLE_NS_ASSERTIONS = NO;
				ENABLE_STRICT_OBJC_MSGSEND = YES;
				GCC_C_LANGUAGE_STANDARD = gnu11;
				GCC_NO_COMMON_BLOCKS = YES;
				GCC_WARN_64_TO_32_BIT_CONVERSION = YES;
				GCC_WARN_ABOUT_RETURN_TYPE = YES_ERROR;
				GCC_WARN_UNDECLARED_SELECTOR = YES;
				GCC_WARN_UNINITIALIZED_AUTOS = YES_AGGRESSIVE;
				GCC_WARN_UNUSED_FUNCTION = YES;
				GCC_WARN_UNUSED_VARIABLE = YES;
				MACOSX_DEPLOYMENT_TARGET = 12.2;
				MTL_ENABLE_DEBUG_INFO = NO;
				MTL_FAST_MATH = YES;
				SDKROOT = macosx;
			};
			name = Release;
		};
		6A31B9EB27FED7DA00E4D24E /* Debug */ = {
			isa = XCBuildConfiguration;
			buildSettings = {
				CODE_SIGN_STYLE = Automatic;
				PRODUCT_NAME = "$(TARGET_NAME)";
			};
			name = Debug;
		};
		6A31B9EC27FED7DA00E4D24E /* Release */ = {
			isa = XCBuildConfiguration;
			buildSettings = {
				CODE_SIGN_STYLE = Automatic;
				PRODUCT_NAME = "$(TARGET_NAME)";
			};
			name = Release;
		};
/* End XCBuildConfiguration section */

/* Begin XCConfigurationList section */
		6A31B9DE27FED7DA00E4D24E /* Build configuration list for PBXProject "ZaprzyjaznineKlasy" */ = {
			isa = XCConfigurationList;
			buildConfigurations = (
				6A31B9E827FED7DA00E4D24E /* Debug */,
				6A31B9E927FED7DA00E4D24E /* Release */,
			);
			defaultConfigurationIsVisible = 0;
			defaultConfigurationName = Release;
		};
		6A31B9EA27FED7DA00E4D24E /* Build configuration list for PBXNativeTarget "ZaprzyjaznineKlasy" */ = {
			isa = XCConfigurationList;
			buildConfigurations = (
				6A31B9EB27FED7DA00E4D24E /* Debug */,
				6A31B9EC27FED7DA00E4D24E /* Release */,
			);
			defaultConfigurationIsVisible = 0;
			defaultConfigurationName = Release;
		};
/* End XCConfigurationList section */
	};
	rootObject = 6A31B9DB27FED7DA00E4D24E /* Project object */;
}
